
Microsoft Visual Studio Solution File, Format Version 12.00
# Visual Studio Version 17
VisualStudioVersion = 17.1.32407.343
MinimumVisualStudioVersion = 10.0.40219.1
Project("{FAE04EC0-301F-11D3-BF4B-00C04F79EFBC}") = "DungeonGame", "DungeonGame.csproj", "{5BC89207-F5BF-4C9E-8E50-F34DEFC2807B}"
EndProject
Global
	GlobalSection(SolutionConfigurationPlatforms) = preSolution
		Debug|Any CPU = Debug|Any CPU
		Release|Any CPU = Release|Any CPU
	EndGlobalSection
	GlobalSection(ProjectConfigurationPlatforms) = postSolution
		{5BC89207-F5BF-4C9E-8E50-F34DEFC2807B}.Debug|Any CPU.ActiveCfg = Debug|Any CPU
		{5BC89207-F5BF-4C9E-8E50-F34DEFC2807B}.Debug|Any CPU.Build.0 = Debug|Any CPU
		{5BC89207-F5BF-4C9E-8E50-F34DEFC2807B}.Release|Any CPU.ActiveCfg = Release|Any CPU
		{5BC89207-F5BF-4C9E-8E50-F34DEFC2807B}.Release|Any CPU.Build.0 = Release|Any CPU
	EndGlobalSection
	GlobalSection(SolutionProperties) = preSolution
		HideSolutionNode = FALSE
	EndGlobalSection
	GlobalSection(ExtensibilityGlobals) = postSolution
		SolutionGuid = {AF097DB3-3176-4B33-98AC-BF37286C18E5}
	EndGlobalSection
EndGlobal
